
Microsoft Visual Studio Solution File, Format Version 12.00
# Visual Studio 14
VisualStudioVersion = 14.0.23107.0
MinimumVisualStudioVersion = 10.0.40219.1
Project("{FAE04EC0-301F-11D3-BF4B-00C04F79EFBC}") = "acs-apiclient", "acs-apiclient\acs-apiclient.csproj", "{D50C7F0B-0528-4907-8023-B2E4042E5AF3}"
EndProject
Project("{FAE04EC0-301F-11D3-BF4B-00C04F79EFBC}") = "OAuth", "OAuth\src\OAuth\OAuth.csproj", "{9D026615-54CC-454F-A8A2-C78FEF74E956}"
EndProject
Project("{FAE04EC0-301F-11D3-BF4B-00C04F79EFBC}") = "OAuth_Android", "OAuth\src\OAuth\OAuth_Android.csproj", "{4662A51A-43A7-43C1-B976-EF5525FB3B07}"
EndProject
Project("{FAE04EC0-301F-11D3-BF4B-00C04F79EFBC}") = "OAuth_IOS", "OAuth\src\OAuth\OAuth_IOS.csproj", "{20F5D34F-25EC-4E12-B1B1-0A3D6B9DF67E}"
EndProject
Project("{FAE04EC0-301F-11D3-BF4B-00C04F79EFBC}") = "acs-apiclient_android", "acs-apiclient\acs-apiclient_android.csproj", "{2859A8E3-D672-4BCF-9A4F-1DF2617A543B}"
EndProject
Project("{FAE04EC0-301F-11D3-BF4B-00C04F79EFBC}") = "acs-apiclient-ios", "acs-apiclient\acs-apiclient-ios.csproj", "{7C6909F7-CDA4-4C9B-9FEA-AA75232FD200}"
EndProject
Project("{FAE04EC0-301F-11D3-BF4B-00C04F79EFBC}") = "Samples", "Samples\Samples.csproj", "{7E474BA8-94D9-4997-A9B0-505C581ABBB6}"
EndProject
Project("{FAE04EC0-301F-11D3-BF4B-00C04F79EFBC}") = "AndroidUnitTests", "AndroidUnitTests\AndroidUnitTests.csproj", "{561FE103-6331-47B0-9BB6-F6D67702113C}"
EndProject
Global
	GlobalSection(SolutionConfigurationPlatforms) = preSolution
		Ad-Hoc|Any CPU = Ad-Hoc|Any CPU
		Ad-Hoc|iPhone = Ad-Hoc|iPhone
		Ad-Hoc|iPhoneSimulator = Ad-Hoc|iPhoneSimulator
		AppStore|Any CPU = AppStore|Any CPU
		AppStore|iPhone = AppStore|iPhone
		AppStore|iPhoneSimulator = AppStore|iPhoneSimulator
		Debug|Any CPU = Debug|Any CPU
		Debug|iPhone = Debug|iPhone
		Debug|iPhoneSimulator = Debug|iPhoneSimulator
		PublishNuget|Any CPU = PublishNuget|Any CPU
		PublishNuget|iPhone = PublishNuget|iPhone
		PublishNuget|iPhoneSimulator = PublishNuget|iPhoneSimulator
		Release|Any CPU = Release|Any CPU
		Release|iPhone = Release|iPhone
		Release|iPhoneSimulator = Release|iPhoneSimulator
	EndGlobalSection
	GlobalSection(ProjectConfigurationPlatforms) = postSolution
		{D50C7F0B-0528-4907-8023-B2E4042E5AF3}.Ad-Hoc|Any CPU.ActiveCfg = Release|Any CPU
		{D50C7F0B-0528-4907-8023-B2E4042E5AF3}.Ad-Hoc|Any CPU.Build.0 = Release|Any CPU
		{D50C7F0B-0528-4907-8023-B2E4042E5AF3}.Ad-Hoc|iPhone.ActiveCfg = Release|Any CPU
		{D50C7F0B-0528-4907-8023-B2E4042E5AF3}.Ad-Hoc|iPhone.Build.0 = Release|Any CPU
		{D50C7F0B-0528-4907-8023-B2E4042E5AF3}.Ad-Hoc|iPhoneSimulator.ActiveCfg = Release|Any CPU
		{D50C7F0B-0528-4907-8023-B2E4042E5AF3}.Ad-Hoc|iPhoneSimulator.Build.0 = Release|Any CPU
		{D50C7F0B-0528-4907-8023-B2E4042E5AF3}.AppStore|Any CPU.ActiveCfg = Release|Any CPU
		{D50C7F0B-0528-4907-8023-B2E4042E5AF3}.AppStore|Any CPU.Build.0 = Release|Any CPU
		{D50C7F0B-0528-4907-8023-B2E4042E5AF3}.AppStore|iPhone.ActiveCfg = Release|Any CPU
		{D50C7F0B-0528-4907-8023-B2E4042E5AF3}.AppStore|iPhone.Build.0 = Release|Any CPU
		{D50C7F0B-0528-4907-8023-B2E4042E5AF3}.AppStore|iPhoneSimulator.ActiveCfg = Release|Any CPU
		{D50C7F0B-0528-4907-8023-B2E4042E5AF3}.AppStore|iPhoneSimulator.Build.0 = Release|Any CPU
		{D50C7F0B-0528-4907-8023-B2E4042E5AF3}.Debug|Any CPU.ActiveCfg = Debug|Any CPU
		{D50C7F0B-0528-4907-8023-B2E4042E5AF3}.Debug|Any CPU.Build.0 = Debug|Any CPU
		{D50C7F0B-0528-4907-8023-B2E4042E5AF3}.Debug|iPhone.ActiveCfg = Debug|Any CPU
		{D50C7F0B-0528-4907-8023-B2E4042E5AF3}.Debug|iPhone.Build.0 = Debug|Any CPU
		{D50C7F0B-0528-4907-8023-B2E4042E5AF3}.Debug|iPhoneSimulator.ActiveCfg = Debug|Any CPU
		{D50C7F0B-0528-4907-8023-B2E4042E5AF3}.Debug|iPhoneSimulator.Build.0 = Debug|Any CPU
		{D50C7F0B-0528-4907-8023-B2E4042E5AF3}.PublishNuget|Any CPU.ActiveCfg = PublishNuget|Any CPU
		{D50C7F0B-0528-4907-8023-B2E4042E5AF3}.PublishNuget|Any CPU.Build.0 = PublishNuget|Any CPU
		{D50C7F0B-0528-4907-8023-B2E4042E5AF3}.PublishNuget|iPhone.ActiveCfg = PublishNuget|Any CPU
		{D50C7F0B-0528-4907-8023-B2E4042E5AF3}.PublishNuget|iPhone.Build.0 = PublishNuget|Any CPU
		{D50C7F0B-0528-4907-8023-B2E4042E5AF3}.PublishNuget|iPhoneSimulator.ActiveCfg = PublishNuget|Any CPU
		{D50C7F0B-0528-4907-8023-B2E4042E5AF3}.PublishNuget|iPhoneSimulator.Build.0 = PublishNuget|Any CPU
		{D50C7F0B-0528-4907-8023-B2E4042E5AF3}.Release|Any CPU.ActiveCfg = Release|Any CPU
		{D50C7F0B-0528-4907-8023-B2E4042E5AF3}.Release|Any CPU.Build.0 = Release|Any CPU
		{D50C7F0B-0528-4907-8023-B2E4042E5AF3}.Release|iPhone.ActiveCfg = Release|Any CPU
		{D50C7F0B-0528-4907-8023-B2E4042E5AF3}.Release|iPhone.Build.0 = Release|Any CPU
		{D50C7F0B-0528-4907-8023-B2E4042E5AF3}.Release|iPhoneSimulator.ActiveCfg = Release|Any CPU
		{D50C7F0B-0528-4907-8023-B2E4042E5AF3}.Release|iPhoneSimulator.Build.0 = Release|Any CPU
		{9D026615-54CC-454F-A8A2-C78FEF74E956}.Ad-Hoc|Any CPU.ActiveCfg = Release|Any CPU
		{9D026615-54CC-454F-A8A2-C78FEF74E956}.Ad-Hoc|Any CPU.Build.0 = Release|Any CPU
		{9D026615-54CC-454F-A8A2-C78FEF74E956}.Ad-Hoc|iPhone.ActiveCfg = Release|Any CPU
		{9D026615-54CC-454F-A8A2-C78FEF74E956}.Ad-Hoc|iPhone.Build.0 = Release|Any CPU
		{9D026615-54CC-454F-A8A2-C78FEF74E956}.Ad-Hoc|iPhoneSimulator.ActiveCfg = Release|Any CPU
		{9D026615-54CC-454F-A8A2-C78FEF74E956}.Ad-Hoc|iPhoneSimulator.Build.0 = Release|Any CPU
		{9D026615-54CC-454F-A8A2-C78FEF74E956}.AppStore|Any CPU.ActiveCfg = Release|Any CPU
		{9D026615-54CC-454F-A8A2-C78FEF74E956}.AppStore|Any CPU.Build.0 = Release|Any CPU
		{9D026615-54CC-454F-A8A2-C78FEF74E956}.AppStore|iPhone.ActiveCfg = Release|Any CPU
		{9D026615-54CC-454F-A8A2-C78FEF74E956}.AppStore|iPhone.Build.0 = Release|Any CPU
		{9D026615-54CC-454F-A8A2-C78FEF74E956}.AppStore|iPhoneSimulator.ActiveCfg = Release|Any CPU
		{9D026615-54CC-454F-A8A2-C78FEF74E956}.AppStore|iPhoneSimulator.Build.0 = Release|Any CPU
		{9D026615-54CC-454F-A8A2-C78FEF74E956}.Debug|Any CPU.ActiveCfg = Debug|Any CPU
		{9D026615-54CC-454F-A8A2-C78FEF74E956}.Debug|Any CPU.Build.0 = Debug|Any CPU
		{9D026615-54CC-454F-A8A2-C78FEF74E956}.Debug|iPhone.ActiveCfg = Debug|Any CPU
		{9D026615-54CC-454F-A8A2-C78FEF74E956}.Debug|iPhone.Build.0 = Debug|Any CPU
		{9D026615-54CC-454F-A8A2-C78FEF74E956}.Debug|iPhoneSimulator.ActiveCfg = Debug|Any CPU
		{9D026615-54CC-454F-A8A2-C78FEF74E956}.Debug|iPhoneSimulator.Build.0 = Debug|Any CPU
		{9D026615-54CC-454F-A8A2-C78FEF74E956}.PublishNuget|Any CPU.ActiveCfg = PublishNuget|Any CPU
		{9D026615-54CC-454F-A8A2-C78FEF74E956}.PublishNuget|Any CPU.Build.0 = PublishNuget|Any CPU
		{9D026615-54CC-454F-A8A2-C78FEF74E956}.PublishNuget|iPhone.ActiveCfg = PublishNuget|Any CPU
		{9D026615-54CC-454F-A8A2-C78FEF74E956}.PublishNuget|iPhone.Build.0 = PublishNuget|Any CPU
		{9D026615-54CC-454F-A8A2-C78FEF74E956}.PublishNuget|iPhoneSimulator.ActiveCfg = PublishNuget|Any CPU
		{9D026615-54CC-454F-A8A2-C78FEF74E956}.PublishNuget|iPhoneSimulator.Build.0 = PublishNuget|Any CPU
		{9D026615-54CC-454F-A8A2-C78FEF74E956}.Release|Any CPU.ActiveCfg = Release|Any CPU
		{9D026615-54CC-454F-A8A2-C78FEF74E956}.Release|Any CPU.Build.0 = Release|Any CPU
		{9D026615-54CC-454F-A8A2-C78FEF74E956}.Release|iPhone.ActiveCfg = Release|Any CPU
		{9D026615-54CC-454F-A8A2-C78FEF74E956}.Release|iPhone.Build.0 = Release|Any CPU
		{9D026615-54CC-454F-A8A2-C78FEF74E956}.Release|iPhoneSimulator.ActiveCfg = Release|Any CPU
		{9D026615-54CC-454F-A8A2-C78FEF74E956}.Release|iPhoneSimulator.Build.0 = Release|Any CPU
		{4662A51A-43A7-43C1-B976-EF5525FB3B07}.Ad-Hoc|Any CPU.ActiveCfg = PublishNuget|Any CPU
		{4662A51A-43A7-43C1-B976-EF5525FB3B07}.Ad-Hoc|Any CPU.Build.0 = PublishNuget|Any CPU
		{4662A51A-43A7-43C1-B976-EF5525FB3B07}.Ad-Hoc|iPhone.ActiveCfg = PublishNuget|Any CPU
		{4662A51A-43A7-43C1-B976-EF5525FB3B07}.Ad-Hoc|iPhone.Build.0 = PublishNuget|Any CPU
		{4662A51A-43A7-43C1-B976-EF5525FB3B07}.Ad-Hoc|iPhoneSimulator.ActiveCfg = PublishNuget|Any CPU
		{4662A51A-43A7-43C1-B976-EF5525FB3B07}.Ad-Hoc|iPhoneSimulator.Build.0 = PublishNuget|Any CPU
		{4662A51A-43A7-43C1-B976-EF5525FB3B07}.AppStore|Any CPU.ActiveCfg = PublishNuget|Any CPU
		{4662A51A-43A7-43C1-B976-EF5525FB3B07}.AppStore|Any CPU.Build.0 = PublishNuget|Any CPU
		{4662A51A-43A7-43C1-B976-EF5525FB3B07}.AppStore|iPhone.ActiveCfg = PublishNuget|Any CPU
		{4662A51A-43A7-43C1-B976-EF5525FB3B07}.AppStore|iPhone.Build.0 = PublishNuget|Any CPU
		{4662A51A-43A7-43C1-B976-EF5525FB3B07}.AppStore|iPhoneSimulator.ActiveCfg = PublishNuget|Any CPU
		{4662A51A-43A7-43C1-B976-EF5525FB3B07}.AppStore|iPhoneSimulator.Build.0 = PublishNuget|Any CPU
		{4662A51A-43A7-43C1-B976-EF5525FB3B07}.Debug|Any CPU.ActiveCfg = Debug|Any CPU
		{4662A51A-43A7-43C1-B976-EF5525FB3B07}.Debug|Any CPU.Build.0 = Debug|Any CPU
		{4662A51A-43A7-43C1-B976-EF5525FB3B07}.Debug|iPhone.ActiveCfg = Debug|Any CPU
		{4662A51A-43A7-43C1-B976-EF5525FB3B07}.Debug|iPhone.Build.0 = Debug|Any CPU
		{4662A51A-43A7-43C1-B976-EF5525FB3B07}.Debug|iPhoneSimulator.ActiveCfg = Debug|Any CPU
		{4662A51A-43A7-43C1-B976-EF5525FB3B07}.Debug|iPhoneSimulator.Build.0 = Debug|Any CPU
		{4662A51A-43A7-43C1-B976-EF5525FB3B07}.PublishNuget|Any CPU.ActiveCfg = PublishNuget|Any CPU
		{4662A51A-43A7-43C1-B976-EF5525FB3B07}.PublishNuget|Any CPU.Build.0 = PublishNuget|Any CPU
		{4662A51A-43A7-43C1-B976-EF5525FB3B07}.PublishNuget|iPhone.ActiveCfg = PublishNuget|Any CPU
		{4662A51A-43A7-43C1-B976-EF5525FB3B07}.PublishNuget|iPhone.Build.0 = PublishNuget|Any CPU
		{4662A51A-43A7-43C1-B976-EF5525FB3B07}.PublishNuget|iPhoneSimulator.ActiveCfg = PublishNuget|Any CPU
		{4662A51A-43A7-43C1-B976-EF5525FB3B07}.PublishNuget|iPhoneSimulator.Build.0 = PublishNuget|Any CPU
		{4662A51A-43A7-43C1-B976-EF5525FB3B07}.Release|Any CPU.ActiveCfg = Release|Any CPU
		{4662A51A-43A7-43C1-B976-EF5525FB3B07}.Release|Any CPU.Build.0 = Release|Any CPU
		{4662A51A-43A7-43C1-B976-EF5525FB3B07}.Release|iPhone.ActiveCfg = Release|Any CPU
		{4662A51A-43A7-43C1-B976-EF5525FB3B07}.Release|iPhone.Build.0 = Release|Any CPU
		{4662A51A-43A7-43C1-B976-EF5525FB3B07}.Release|iPhoneSimulator.ActiveCfg = Release|Any CPU
		{4662A51A-43A7-43C1-B976-EF5525FB3B07}.Release|iPhoneSimulator.Build.0 = Release|Any CPU
		{20F5D34F-25EC-4E12-B1B1-0A3D6B9DF67E}.Ad-Hoc|Any CPU.ActiveCfg = PublishNuget|Any CPU
		{20F5D34F-25EC-4E12-B1B1-0A3D6B9DF67E}.Ad-Hoc|Any CPU.Build.0 = PublishNuget|Any CPU
		{20F5D34F-25EC-4E12-B1B1-0A3D6B9DF67E}.Ad-Hoc|iPhone.ActiveCfg = PublishNuget|Any CPU
		{20F5D34F-25EC-4E12-B1B1-0A3D6B9DF67E}.Ad-Hoc|iPhone.Build.0 = PublishNuget|Any CPU
		{20F5D34F-25EC-4E12-B1B1-0A3D6B9DF67E}.Ad-Hoc|iPhoneSimulator.ActiveCfg = PublishNuget|Any CPU
		{20F5D34F-25EC-4E12-B1B1-0A3D6B9DF67E}.Ad-Hoc|iPhoneSimulator.Build.0 = PublishNuget|Any CPU
		{20F5D34F-25EC-4E12-B1B1-0A3D6B9DF67E}.AppStore|Any CPU.ActiveCfg = PublishNuget|Any CPU
		{20F5D34F-25EC-4E12-B1B1-0A3D6B9DF67E}.AppStore|Any CPU.Build.0 = PublishNuget|Any CPU
		{20F5D34F-25EC-4E12-B1B1-0A3D6B9DF67E}.AppStore|iPhone.ActiveCfg = PublishNuget|Any CPU
		{20F5D34F-25EC-4E12-B1B1-0A3D6B9DF67E}.AppStore|iPhone.Build.0 = PublishNuget|Any CPU
		{20F5D34F-25EC-4E12-B1B1-0A3D6B9DF67E}.AppStore|iPhoneSimulator.ActiveCfg = PublishNuget|Any CPU
		{20F5D34F-25EC-4E12-B1B1-0A3D6B9DF67E}.AppStore|iPhoneSimulator.Build.0 = PublishNuget|Any CPU
		{20F5D34F-25EC-4E12-B1B1-0A3D6B9DF67E}.Debug|Any CPU.ActiveCfg = Debug|Any CPU
		{20F5D34F-25EC-4E12-B1B1-0A3D6B9DF67E}.Debug|Any CPU.Build.0 = Debug|Any CPU
		{20F5D34F-25EC-4E12-B1B1-0A3D6B9DF67E}.Debug|iPhone.ActiveCfg = Debug|Any CPU
		{20F5D34F-25EC-4E12-B1B1-0A3D6B9DF67E}.Debug|iPhone.Build.0 = Debug|Any CPU
		{20F5D34F-25EC-4E12-B1B1-0A3D6B9DF67E}.Debug|iPhoneSimulator.ActiveCfg = Debug|Any CPU
		{20F5D34F-25EC-4E12-B1B1-0A3D6B9DF67E}.Debug|iPhoneSimulator.Build.0 = Debug|Any CPU
		{20F5D34F-25EC-4E12-B1B1-0A3D6B9DF67E}.PublishNuget|Any CPU.ActiveCfg = PublishNuget|Any CPU
		{20F5D34F-25EC-4E12-B1B1-0A3D6B9DF67E}.PublishNuget|Any CPU.Build.0 = PublishNuget|Any CPU
		{20F5D34F-25EC-4E12-B1B1-0A3D6B9DF67E}.PublishNuget|iPhone.ActiveCfg = PublishNuget|Any CPU
		{20F5D34F-25EC-4E12-B1B1-0A3D6B9DF67E}.PublishNuget|iPhone.Build.0 = PublishNuget|Any CPU
		{20F5D34F-25EC-4E12-B1B1-0A3D6B9DF67E}.PublishNuget|iPhoneSimulator.ActiveCfg = PublishNuget|Any CPU
		{20F5D34F-25EC-4E12-B1B1-0A3D6B9DF67E}.PublishNuget|iPhoneSimulator.Build.0 = PublishNuget|Any CPU
		{20F5D34F-25EC-4E12-B1B1-0A3D6B9DF67E}.Release|Any CPU.ActiveCfg = Release|Any CPU
		{20F5D34F-25EC-4E12-B1B1-0A3D6B9DF67E}.Release|Any CPU.Build.0 = Release|Any CPU
		{20F5D34F-25EC-4E12-B1B1-0A3D6B9DF67E}.Release|iPhone.ActiveCfg = Release|Any CPU
		{20F5D34F-25EC-4E12-B1B1-0A3D6B9DF67E}.Release|iPhone.Build.0 = Release|Any CPU
		{20F5D34F-25EC-4E12-B1B1-0A3D6B9DF67E}.Release|iPhoneSimulator.ActiveCfg = Release|Any CPU
		{20F5D34F-25EC-4E12-B1B1-0A3D6B9DF67E}.Release|iPhoneSimulator.Build.0 = Release|Any CPU
		{2859A8E3-D672-4BCF-9A4F-1DF2617A543B}.Ad-Hoc|Any CPU.ActiveCfg = PublishNuget|Any CPU
		{2859A8E3-D672-4BCF-9A4F-1DF2617A543B}.Ad-Hoc|Any CPU.Build.0 = PublishNuget|Any CPU
		{2859A8E3-D672-4BCF-9A4F-1DF2617A543B}.Ad-Hoc|iPhone.ActiveCfg = PublishNuget|Any CPU
		{2859A8E3-D672-4BCF-9A4F-1DF2617A543B}.Ad-Hoc|iPhone.Build.0 = PublishNuget|Any CPU
		{2859A8E3-D672-4BCF-9A4F-1DF2617A543B}.Ad-Hoc|iPhoneSimulator.ActiveCfg = PublishNuget|Any CPU
		{2859A8E3-D672-4BCF-9A4F-1DF2617A543B}.Ad-Hoc|iPhoneSimulator.Build.0 = PublishNuget|Any CPU
		{2859A8E3-D672-4BCF-9A4F-1DF2617A543B}.AppStore|Any CPU.ActiveCfg = PublishNuget|Any CPU
		{2859A8E3-D672-4BCF-9A4F-1DF2617A543B}.AppStore|Any CPU.Build.0 = PublishNuget|Any CPU
		{2859A8E3-D672-4BCF-9A4F-1DF2617A543B}.AppStore|iPhone.ActiveCfg = PublishNuget|Any CPU
		{2859A8E3-D672-4BCF-9A4F-1DF2617A543B}.AppStore|iPhone.Build.0 = PublishNuget|Any CPU
		{2859A8E3-D672-4BCF-9A4F-1DF2617A543B}.AppStore|iPhoneSimulator.ActiveCfg = PublishNuget|Any CPU
		{2859A8E3-D672-4BCF-9A4F-1DF2617A543B}.AppStore|iPhoneSimulator.Build.0 = PublishNuget|Any CPU
		{2859A8E3-D672-4BCF-9A4F-1DF2617A543B}.Debug|Any CPU.ActiveCfg = Debug|Any CPU
		{2859A8E3-D672-4BCF-9A4F-1DF2617A543B}.Debug|Any CPU.Build.0 = Debug|Any CPU
		{2859A8E3-D672-4BCF-9A4F-1DF2617A543B}.Debug|iPhone.ActiveCfg = Debug|Any CPU
		{2859A8E3-D672-4BCF-9A4F-1DF2617A543B}.Debug|iPhone.Build.0 = Debug|Any CPU
		{2859A8E3-D672-4BCF-9A4F-1DF2617A543B}.Debug|iPhoneSimulator.ActiveCfg = Debug|Any CPU
		{2859A8E3-D672-4BCF-9A4F-1DF2617A543B}.Debug|iPhoneSimulator.Build.0 = Debug|Any CPU
		{2859A8E3-D672-4BCF-9A4F-1DF2617A543B}.PublishNuget|Any CPU.ActiveCfg = PublishNuget|Any CPU
		{2859A8E3-D672-4BCF-9A4F-1DF2617A543B}.PublishNuget|Any CPU.Build.0 = PublishNuget|Any CPU
		{2859A8E3-D672-4BCF-9A4F-1DF2617A543B}.PublishNuget|iPhone.ActiveCfg = PublishNuget|Any CPU
		{2859A8E3-D672-4BCF-9A4F-1DF2617A543B}.PublishNuget|iPhone.Build.0 = PublishNuget|Any CPU
		{2859A8E3-D672-4BCF-9A4F-1DF2617A543B}.PublishNuget|iPhoneSimulator.ActiveCfg = PublishNuget|Any CPU
		{2859A8E3-D672-4BCF-9A4F-1DF2617A543B}.PublishNuget|iPhoneSimulator.Build.0 = PublishNuget|Any CPU
		{2859A8E3-D672-4BCF-9A4F-1DF2617A543B}.Release|Any CPU.ActiveCfg = Release|Any CPU
		{2859A8E3-D672-4BCF-9A4F-1DF2617A543B}.Release|Any CPU.Build.0 = Release|Any CPU
		{2859A8E3-D672-4BCF-9A4F-1DF2617A543B}.Release|iPhone.ActiveCfg = Release|Any CPU
		{2859A8E3-D672-4BCF-9A4F-1DF2617A543B}.Release|iPhone.Build.0 = Release|Any CPU
		{2859A8E3-D672-4BCF-9A4F-1DF2617A543B}.Release|iPhoneSimulator.ActiveCfg = Release|Any CPU
		{2859A8E3-D672-4BCF-9A4F-1DF2617A543B}.Release|iPhoneSimulator.Build.0 = Release|Any CPU
		{7C6909F7-CDA4-4C9B-9FEA-AA75232FD200}.Ad-Hoc|Any CPU.ActiveCfg = PublishNuget|Any CPU
		{7C6909F7-CDA4-4C9B-9FEA-AA75232FD200}.Ad-Hoc|Any CPU.Build.0 = PublishNuget|Any CPU
		{7C6909F7-CDA4-4C9B-9FEA-AA75232FD200}.Ad-Hoc|iPhone.ActiveCfg = PublishNuget|Any CPU
		{7C6909F7-CDA4-4C9B-9FEA-AA75232FD200}.Ad-Hoc|iPhone.Build.0 = PublishNuget|Any CPU
		{7C6909F7-CDA4-4C9B-9FEA-AA75232FD200}.Ad-Hoc|iPhoneSimulator.ActiveCfg = PublishNuget|Any CPU
		{7C6909F7-CDA4-4C9B-9FEA-AA75232FD200}.Ad-Hoc|iPhoneSimulator.Build.0 = PublishNuget|Any CPU
		{7C6909F7-CDA4-4C9B-9FEA-AA75232FD200}.AppStore|Any CPU.ActiveCfg = PublishNuget|Any CPU
		{7C6909F7-CDA4-4C9B-9FEA-AA75232FD200}.AppStore|Any CPU.Build.0 = PublishNuget|Any CPU
		{7C6909F7-CDA4-4C9B-9FEA-AA75232FD200}.AppStore|iPhone.ActiveCfg = PublishNuget|Any CPU
		{7C6909F7-CDA4-4C9B-9FEA-AA75232FD200}.AppStore|iPhone.Build.0 = PublishNuget|Any CPU
		{7C6909F7-CDA4-4C9B-9FEA-AA75232FD200}.AppStore|iPhoneSimulator.ActiveCfg = PublishNuget|Any CPU
		{7C6909F7-CDA4-4C9B-9FEA-AA75232FD200}.AppStore|iPhoneSimulator.Build.0 = PublishNuget|Any CPU
		{7C6909F7-CDA4-4C9B-9FEA-AA75232FD200}.Debug|Any CPU.ActiveCfg = Debug|Any CPU
		{7C6909F7-CDA4-4C9B-9FEA-AA75232FD200}.Debug|Any CPU.Build.0 = Debug|Any CPU
		{7C6909F7-CDA4-4C9B-9FEA-AA75232FD200}.Debug|iPhone.ActiveCfg = Debug|Any CPU
		{7C6909F7-CDA4-4C9B-9FEA-AA75232FD200}.Debug|iPhone.Build.0 = Debug|Any CPU
		{7C6909F7-CDA4-4C9B-9FEA-AA75232FD200}.Debug|iPhoneSimulator.ActiveCfg = Debug|Any CPU
		{7C6909F7-CDA4-4C9B-9FEA-AA75232FD200}.Debug|iPhoneSimulator.Build.0 = Debug|Any CPU
		{7C6909F7-CDA4-4C9B-9FEA-AA75232FD200}.PublishNuget|Any CPU.ActiveCfg = PublishNuget|Any CPU
		{7C6909F7-CDA4-4C9B-9FEA-AA75232FD200}.PublishNuget|Any CPU.Build.0 = PublishNuget|Any CPU
		{7C6909F7-CDA4-4C9B-9FEA-AA75232FD200}.PublishNuget|iPhone.ActiveCfg = PublishNuget|Any CPU
		{7C6909F7-CDA4-4C9B-9FEA-AA75232FD200}.PublishNuget|iPhone.Build.0 = PublishNuget|Any CPU
		{7C6909F7-CDA4-4C9B-9FEA-AA75232FD200}.PublishNuget|iPhoneSimulator.ActiveCfg = PublishNuget|Any CPU
		{7C6909F7-CDA4-4C9B-9FEA-AA75232FD200}.PublishNuget|iPhoneSimulator.Build.0 = PublishNuget|Any CPU
		{7C6909F7-CDA4-4C9B-9FEA-AA75232FD200}.Release|Any CPU.ActiveCfg = Release|Any CPU
		{7C6909F7-CDA4-4C9B-9FEA-AA75232FD200}.Release|Any CPU.Build.0 = Release|Any CPU
		{7C6909F7-CDA4-4C9B-9FEA-AA75232FD200}.Release|iPhone.ActiveCfg = Release|Any CPU
		{7C6909F7-CDA4-4C9B-9FEA-AA75232FD200}.Release|iPhone.Build.0 = Release|Any CPU
		{7C6909F7-CDA4-4C9B-9FEA-AA75232FD200}.Release|iPhoneSimulator.ActiveCfg = Release|Any CPU
		{7C6909F7-CDA4-4C9B-9FEA-AA75232FD200}.Release|iPhoneSimulator.Build.0 = Release|Any CPU
		{7E474BA8-94D9-4997-A9B0-505C581ABBB6}.Ad-Hoc|Any CPU.ActiveCfg = Release|Any CPU
		{7E474BA8-94D9-4997-A9B0-505C581ABBB6}.Ad-Hoc|Any CPU.Build.0 = Release|Any CPU
		{7E474BA8-94D9-4997-A9B0-505C581ABBB6}.Ad-Hoc|iPhone.ActiveCfg = Release|Any CPU
		{7E474BA8-94D9-4997-A9B0-505C581ABBB6}.Ad-Hoc|iPhone.Build.0 = Release|Any CPU
		{7E474BA8-94D9-4997-A9B0-505C581ABBB6}.Ad-Hoc|iPhoneSimulator.ActiveCfg = Release|Any CPU
		{7E474BA8-94D9-4997-A9B0-505C581ABBB6}.Ad-Hoc|iPhoneSimulator.Build.0 = Release|Any CPU
		{7E474BA8-94D9-4997-A9B0-505C581ABBB6}.AppStore|Any CPU.ActiveCfg = Release|Any CPU
		{7E474BA8-94D9-4997-A9B0-505C581ABBB6}.AppStore|Any CPU.Build.0 = Release|Any CPU
		{7E474BA8-94D9-4997-A9B0-505C581ABBB6}.AppStore|iPhone.ActiveCfg = Release|Any CPU
		{7E474BA8-94D9-4997-A9B0-505C581ABBB6}.AppStore|iPhone.Build.0 = Release|Any CPU
		{7E474BA8-94D9-4997-A9B0-505C581ABBB6}.AppStore|iPhoneSimulator.ActiveCfg = Release|Any CPU
		{7E474BA8-94D9-4997-A9B0-505C581ABBB6}.AppStore|iPhoneSimulator.Build.0 = Release|Any CPU
		{7E474BA8-94D9-4997-A9B0-505C581ABBB6}.Debug|Any CPU.ActiveCfg = Debug|Any CPU
		{7E474BA8-94D9-4997-A9B0-505C581ABBB6}.Debug|Any CPU.Build.0 = Debug|Any CPU
		{7E474BA8-94D9-4997-A9B0-505C581ABBB6}.Debug|iPhone.ActiveCfg = Debug|Any CPU
		{7E474BA8-94D9-4997-A9B0-505C581ABBB6}.Debug|iPhone.Build.0 = Debug|Any CPU
		{7E474BA8-94D9-4997-A9B0-505C581ABBB6}.Debug|iPhoneSimulator.ActiveCfg = Debug|Any CPU
		{7E474BA8-94D9-4997-A9B0-505C581ABBB6}.Debug|iPhoneSimulator.Build.0 = Debug|Any CPU
		{7E474BA8-94D9-4997-A9B0-505C581ABBB6}.PublishNuget|Any CPU.ActiveCfg = Release|Any CPU
		{7E474BA8-94D9-4997-A9B0-505C581ABBB6}.PublishNuget|Any CPU.Build.0 = Release|Any CPU
		{7E474BA8-94D9-4997-A9B0-505C581ABBB6}.PublishNuget|iPhone.ActiveCfg = Release|Any CPU
		{7E474BA8-94D9-4997-A9B0-505C581ABBB6}.PublishNuget|iPhone.Build.0 = Release|Any CPU
		{7E474BA8-94D9-4997-A9B0-505C581ABBB6}.PublishNuget|iPhoneSimulator.ActiveCfg = Release|Any CPU
		{7E474BA8-94D9-4997-A9B0-505C581ABBB6}.PublishNuget|iPhoneSimulator.Build.0 = Release|Any CPU
		{7E474BA8-94D9-4997-A9B0-505C581ABBB6}.Release|Any CPU.ActiveCfg = Release|Any CPU
		{7E474BA8-94D9-4997-A9B0-505C581ABBB6}.Release|Any CPU.Build.0 = Release|Any CPU
		{7E474BA8-94D9-4997-A9B0-505C581ABBB6}.Release|iPhone.ActiveCfg = Release|Any CPU
		{7E474BA8-94D9-4997-A9B0-505C581ABBB6}.Release|iPhone.Build.0 = Release|Any CPU
		{7E474BA8-94D9-4997-A9B0-505C581ABBB6}.Release|iPhoneSimulator.ActiveCfg = Release|Any CPU
		{7E474BA8-94D9-4997-A9B0-505C581ABBB6}.Release|iPhoneSimulator.Build.0 = Release|Any CPU
		{561FE103-6331-47B0-9BB6-F6D67702113C}.Ad-Hoc|Any CPU.ActiveCfg = Release|Any CPU
		{561FE103-6331-47B0-9BB6-F6D67702113C}.Ad-Hoc|Any CPU.Build.0 = Release|Any CPU
		{561FE103-6331-47B0-9BB6-F6D67702113C}.Ad-Hoc|iPhone.ActiveCfg = Release|Any CPU
		{561FE103-6331-47B0-9BB6-F6D67702113C}.Ad-Hoc|iPhone.Build.0 = Release|Any CPU
		{561FE103-6331-47B0-9BB6-F6D67702113C}.Ad-Hoc|iPhoneSimulator.ActiveCfg = Release|Any CPU
		{561FE103-6331-47B0-9BB6-F6D67702113C}.Ad-Hoc|iPhoneSimulator.Build.0 = Release|Any CPU
		{561FE103-6331-47B0-9BB6-F6D67702113C}.AppStore|Any CPU.ActiveCfg = Release|Any CPU
		{561FE103-6331-47B0-9BB6-F6D67702113C}.AppStore|Any CPU.Build.0 = Release|Any CPU
		{561FE103-6331-47B0-9BB6-F6D67702113C}.AppStore|iPhone.ActiveCfg = Release|Any CPU
		{561FE103-6331-47B0-9BB6-F6D67702113C}.AppStore|iPhone.Build.0 = Release|Any CPU
		{561FE103-6331-47B0-9BB6-F6D67702113C}.AppStore|iPhoneSimulator.ActiveCfg = Release|Any CPU
		{561FE103-6331-47B0-9BB6-F6D67702113C}.AppStore|iPhoneSimulator.Build.0 = Release|Any CPU
		{561FE103-6331-47B0-9BB6-F6D67702113C}.Debug|Any CPU.ActiveCfg = Debug|Any CPU
		{561FE103-6331-47B0-9BB6-F6D67702113C}.Debug|Any CPU.Build.0 = Debug|Any CPU
		{561FE103-6331-47B0-9BB6-F6D67702113C}.Debug|iPhone.ActiveCfg = Debug|Any CPU
		{561FE103-6331-47B0-9BB6-F6D67702113C}.Debug|iPhone.Build.0 = Debug|Any CPU
		{561FE103-6331-47B0-9BB6-F6D67702113C}.Debug|iPhoneSimulator.ActiveCfg = Debug|Any CPU
		{561FE103-6331-47B0-9BB6-F6D67702113C}.Debug|iPhoneSimulator.Build.0 = Debug|Any CPU
		{561FE103-6331-47B0-9BB6-F6D67702113C}.PublishNuget|Any CPU.ActiveCfg = Release|Any CPU
		{561FE103-6331-47B0-9BB6-F6D67702113C}.PublishNuget|Any CPU.Build.0 = Release|Any CPU
		{561FE103-6331-47B0-9BB6-F6D67702113C}.PublishNuget|iPhone.ActiveCfg = Release|Any CPU
		{561FE103-6331-47B0-9BB6-F6D67702113C}.PublishNuget|iPhone.Build.0 = Release|Any CPU
		{561FE103-6331-47B0-9BB6-F6D67702113C}.PublishNuget|iPhoneSimulator.ActiveCfg = Release|Any CPU
		{561FE103-6331-47B0-9BB6-F6D67702113C}.PublishNuget|iPhoneSimulator.Build.0 = Release|Any CPU
		{561FE103-6331-47B0-9BB6-F6D67702113C}.Release|Any CPU.ActiveCfg = Release|Any CPU
		{561FE103-6331-47B0-9BB6-F6D67702113C}.Release|Any CPU.Build.0 = Release|Any CPU
		{561FE103-6331-47B0-9BB6-F6D67702113C}.Release|iPhone.ActiveCfg = Release|Any CPU
		{561FE103-6331-47B0-9BB6-F6D67702113C}.Release|iPhone.Build.0 = Release|Any CPU
		{561FE103-6331-47B0-9BB6-F6D67702113C}.Release|iPhoneSimulator.ActiveCfg = Release|Any CPU
		{561FE103-6331-47B0-9BB6-F6D67702113C}.Release|iPhoneSimulator.Build.0 = Release|Any CPU
	EndGlobalSection
	GlobalSection(SolutionProperties) = preSolution
		HideSolutionNode = FALSE
	EndGlobalSection
	GlobalSection(TestCaseManagementSettings) = postSolution
		CategoryFile = acs-apiclient_nuget-package.vsmdi
	EndGlobalSection
EndGlobal
